
Microsoft Visual Studio Solution File, Format Version 12.00
# Visual Studio Version 16
VisualStudioVersion = 16.0.30503.244
MinimumVisualStudioVersion = 10.0.40219.1
Project("{FAE04EC0-301F-11D3-BF4B-00C04F79EFBC}") = "BattleShipPlayer", "BattleShipPlayer\BattleShipPlayer.csproj", "{E84A9A80-F4C9-404B-A3C4-88BDECE4363A}"
EndProject
Global
	GlobalSection(SolutionConfigurationPlatforms) = preSolution
		Debug|Any CPU = Debug|Any CPU
		Release|Any CPU = Release|Any CPU
	EndGlobalSection
	GlobalSection(ProjectConfigurationPlatforms) = postSolution
		{E84A9A80-F4C9-404B-A3C4-88BDECE4363A}.Debug|Any CPU.ActiveCfg = Debug|Any CPU
		{E84A9A80-F4C9-404B-A3C4-88BDECE4363A}.Debug|Any CPU.Build.0 = Debug|Any CPU
		{E84A9A80-F4C9-404B-A3C4-88BDECE4363A}.Release|Any CPU.ActiveCfg = Release|Any CPU
		{E84A9A80-F4C9-404B-A3C4-88BDECE4363A}.Release|Any CPU.Build.0 = Release|Any CPU
	EndGlobalSection
	GlobalSection(SolutionProperties) = preSolution
		HideSolutionNode = FALSE
	EndGlobalSection
	GlobalSection(ExtensibilityGlobals) = postSolution
		SolutionGuid = {C5CD8F0E-7F5B-4EED-8281-D811A8F6FE04}
	EndGlobalSection
EndGlobal
